
Microsoft Visual Studio Solution File, Format Version 12.00
# Visual Studio Version 17
VisualStudioVersion = 17.9.34622.214
MinimumVisualStudioVersion = 10.0.40219.1
Project("{FAE04EC0-301F-11D3-BF4B-00C04F79EFBC}") = "SeleniumTest_n1", "SeleniumTest_n1\SeleniumTest_n1.csproj", "{11256E03-02E6-4CCB-99DA-9ED9D5CBB06B}"
EndProject
Global
	GlobalSection(SolutionConfigurationPlatforms) = preSolution
		Debug|Any CPU = Debug|Any CPU
		Release|Any CPU = Release|Any CPU
	EndGlobalSection
	GlobalSection(ProjectConfigurationPlatforms) = postSolution
		{11256E03-02E6-4CCB-99DA-9ED9D5CBB06B}.Debug|Any CPU.ActiveCfg = Debug|Any CPU
		{11256E03-02E6-4CCB-99DA-9ED9D5CBB06B}.Debug|Any CPU.Build.0 = Debug|Any CPU
		{11256E03-02E6-4CCB-99DA-9ED9D5CBB06B}.Release|Any CPU.ActiveCfg = Release|Any CPU
		{11256E03-02E6-4CCB-99DA-9ED9D5CBB06B}.Release|Any CPU.Build.0 = Release|Any CPU
	EndGlobalSection
	GlobalSection(SolutionProperties) = preSolution
		HideSolutionNode = FALSE
	EndGlobalSection
	GlobalSection(ExtensibilityGlobals) = postSolution
		SolutionGuid = {A7803103-578B-4871-A31A-2364A5E2AB57}
	EndGlobalSection
EndGlobal
